
Microsoft Visual Studio Solution File, Format Version 12.00
# Visual Studio Version 16
VisualStudioVersion = 16.0.29905.134
MinimumVisualStudioVersion = 10.0.40219.1
Project("{FAE04EC0-301F-11D3-BF4B-00C04F79EFBC}") = "WebApiDemo", "WebApiDemo\WebApiDemo.csproj", "{DAD94945-55C7-41CD-A262-765C3D8F5E93}"
EndProject
Global
	GlobalSection(SolutionConfigurationPlatforms) = preSolution
		Debug|Any CPU = Debug|Any CPU
		Release|Any CPU = Release|Any CPU
	EndGlobalSection
	GlobalSection(ProjectConfigurationPlatforms) = postSolution
		{DAD94945-55C7-41CD-A262-765C3D8F5E93}.Debug|Any CPU.ActiveCfg = Debug|Any CPU
		{DAD94945-55C7-41CD-A262-765C3D8F5E93}.Debug|Any CPU.Build.0 = Debug|Any CPU
		{DAD94945-55C7-41CD-A262-765C3D8F5E93}.Release|Any CPU.ActiveCfg = Release|Any CPU
		{DAD94945-55C7-41CD-A262-765C3D8F5E93}.Release|Any CPU.Build.0 = Release|Any CPU
	EndGlobalSection
	GlobalSection(SolutionProperties) = preSolution
		HideSolutionNode = FALSE
	EndGlobalSection
	GlobalSection(ExtensibilityGlobals) = postSolution
		SolutionGuid = {1EF5C018-E368-4ECA-BBF2-6CAC90C53E73}
	EndGlobalSection
EndGlobal
